<?xml version="1.0" encoding="utf-8"?>
<Project ToolsVersion="4.0" xmlns="http://schemas.microsoft.com/developer/msbuild/2003">
  <ItemGroup>
    <ClCompile Include="src\objects\game.cpp">
      <Filter>Objects</Filter>
    </ClCompile>
    <ClCompile Include="src\objects\player.cpp">
      <Filter>Objects</Filter>
    </ClCompile>
    <ClCompile Include="src\scenes\gameplay_scene.cpp">
      <Filter>Scenes</Filter>
    </ClCompile>
    <ClCompile Include="src\objects\obstacle.cpp">
      <Filter>Objects</Filter>
    </ClCompile>
    <ClCompile Include="src\main.cpp" />
  </ItemGroup>
  <ItemGroup>
    <Filter Include="Objects">
      <UniqueIdentifier>{9a2e2abe-6b80-4f79-bd75-6cb14ea34b0d}</UniqueIdentifier>
    </Filter>
    <Filter Include="Utils">
      <UniqueIdentifier>{cefeed67-9812-455e-8537-98a10237b070}</UniqueIdentifier>
    </Filter>
    <Filter Include="Scenes">
      <UniqueIdentifier>{10a001a8-4dd4-4f44-823e-4362922d94e5}</UniqueIdentifier>
    </Filter>
  </ItemGroup>
  <ItemGroup>
    <ClInclude Include="src\objects\game.h">
      <Filter>Objects</Filter>
    </ClInclude>
    <ClInclude Include="src\objects\player.h">
      <Filter>Objects</Filter>
    </ClInclude>
    <ClInclude Include="src\scenes\gameplay_scene.h">
      <Filter>Scenes</Filter>
    </ClInclude>
    <ClInclude Include="src\objects\obstacle.h">
      <Filter>Objects</Filter>
    </ClInclude>
    <ClInclude Include="src\utils\screen_info.h">
      <Filter>Utils</Filter>
    </ClInclude>
    <ClInclude Include="src\utils\texture_manager.h">
      <Filter>Utils</Filter>
    </ClInclude>
  </ItemGroup>
</Project>